// !$*UTF8*$!
{
	archiveVersion = 1;
	classes = {
	};
	objectVersion = 77;
	objects = {

/* Begin PBXBuildFile section */
		A5443ED82ED2CB5800E98C19 /* FirestoreManager.swift in Sources */ = {isa = PBXBuildFile; fileRef = A5443EC62ED2CB5800E98C19 /* FirestoreManager.swift */; };
		A5443ED92ED2CB5800E98C19 /* InboxViewModel.swift in Sources */ = {isa = PBXBuildFile; fileRef = A5443EC72ED2CB5800E98C19 /* InboxViewModel.swift */; };
		A5443EDA2ED2CB5800E98C19 /* OldInboxView.swift in Sources */ = {isa = PBXBuildFile; fileRef = A5443EC82ED2CB5800E98C19 /* OldInboxView.swift */; };
		A5443EDB2ED2CB5800E98C19 /* RealtimeDatabaseManager.swift in Sources */ = {isa = PBXBuildFile; fileRef = A5443EC92ED2CB5800E98C19 /* RealtimeDatabaseManager.swift */; };
		A5443EDC2ED2CB5800E98C19 /* MessageListView.swift in Sources */ = {isa = PBXBuildFile; fileRef = A5443ECB2ED2CB5800E98C19 /* MessageListView.swift */; };
		A5443EDD2ED2CB5800E98C19 /* MessageRowView.swift in Sources */ = {isa = PBXBuildFile; fileRef = A5443ECC2ED2CB5800E98C19 /* MessageRowView.swift */; };
		A5443EDE2ED2CB5800E98C19 /* MessageSignatureView.swift in Sources */ = {isa = PBXBuildFile; fileRef = A5443ECD2ED2CB5800E98C19 /* MessageSignatureView.swift */; };
		A5443EDF2ED2CB5800E98C19 /* AudioService.swift in Sources */ = {isa = PBXBuildFile; fileRef = A5443ED02ED2CB5800E98C19 /* AudioService.swift */; };
		A5443EE02ED2CB5800E98C19 /* mailboxApp.swift in Sources */ = {isa = PBXBuildFile; fileRef = A5443ED22ED2CB5800E98C19 /* mailboxApp.swift */; };
		A5443EE12ED2CB5800E98C19 /* MessageListViewModel.swift in Sources */ = {isa = PBXBuildFile; fileRef = A5443ED32ED2CB5800E98C19 /* MessageListViewModel.swift */; };
		A5443EE22ED2CB5800E98C19 /* MessageService.swift in Sources */ = {isa = PBXBuildFile; fileRef = A5443ED42ED2CB5800E98C19 /* MessageService.swift */; };
		A5443EE32ED2CB5800E98C19 /* PlaybackSlider.swift in Sources */ = {isa = PBXBuildFile; fileRef = A5443ED52ED2CB5800E98C19 /* PlaybackSlider.swift */; };
		A5443EE42ED2CB5800E98C19 /* User.swift in Sources */ = {isa = PBXBuildFile; fileRef = A5443ED62ED2CB5800E98C19 /* User.swift */; };
		A5443EE52ED2CB5800E98C19 /* Assets.xcassets in Resources */ = {isa = PBXBuildFile; fileRef = A5443ECF2ED2CB5800E98C19 /* Assets.xcassets */; };
		A5443EE62ED2CB5800E98C19 /* GoogleService-Info.plist in Resources */ = {isa = PBXBuildFile; fileRef = A5443ED12ED2CB5800E98C19 /* GoogleService-Info.plist */; };
		A5443EEB2ED2CE9500E98C19 /* OnboardingView.swift in Sources */ = {isa = PBXBuildFile; fileRef = A5443EEA2ED2CE9500E98C19 /* OnboardingView.swift */; };
		A5443EED2ED2E6D400E98C19 /* MailboxIcon.icon in Resources */ = {isa = PBXBuildFile; fileRef = A5443EEC2ED2E6D400E98C19 /* MailboxIcon.icon */; };
		A5443EEE2ED2E87100E98C19 /* MessageListView.swift in Sources */ = {isa = PBXBuildFile; fileRef = A5443ECB2ED2CB5800E98C19 /* MessageListView.swift */; };
		A5443EEF2ED2E87100E98C19 /* MessageListView.swift in Sources */ = {isa = PBXBuildFile; fileRef = A5443ECB2ED2CB5800E98C19 /* MessageListView.swift */; };
		A550919A2ECFEAAD00A69FCD /* FirebaseAnalytics in Frameworks */ = {isa = PBXBuildFile; productRef = A55091992ECFEAAD00A69FCD /* FirebaseAnalytics */; };
		A550919C2ECFEAAD00A69FCD /* FirebaseAuth in Frameworks */ = {isa = PBXBuildFile; productRef = A550919B2ECFEAAD00A69FCD /* FirebaseAuth */; };
		A550919E2ECFEAAD00A69FCD /* FirebaseCore in Frameworks */ = {isa = PBXBuildFile; productRef = A550919D2ECFEAAD00A69FCD /* FirebaseCore */; };
		A55091A02ECFEAAD00A69FCD /* FirebaseFirestore in Frameworks */ = {isa = PBXBuildFile; productRef = A550919F2ECFEAAD00A69FCD /* FirebaseFirestore */; };
		A55091A22ECFEAAD00A69FCD /* FirebaseInAppMessaging-Beta in Frameworks */ = {isa = PBXBuildFile; productRef = A55091A12ECFEAAD00A69FCD /* FirebaseInAppMessaging-Beta */; };
		A55091A82ED00D3A00A69FCD /* FirebaseDatabase in Frameworks */ = {isa = PBXBuildFile; productRef = A55091A72ED00D3A00A69FCD /* FirebaseDatabase */; };
/* End PBXBuildFile section */

/* Begin PBXContainerItemProxy section */
		A5E1DB222ECFE27400D0B57D /* PBXContainerItemProxy */ = {
			isa = PBXContainerItemProxy;
			containerPortal = A5E1DB0C2ECFE27200D0B57D /* Project object */;
			proxyType = 1;
			remoteGlobalIDString = A5E1DB132ECFE27200D0B57D;
			remoteInfo = mailbox;
		};
		A5E1DB2C2ECFE27400D0B57D /* PBXContainerItemProxy */ = {
			isa = PBXContainerItemProxy;
			containerPortal = A5E1DB0C2ECFE27200D0B57D /* Project object */;
			proxyType = 1;
			remoteGlobalIDString = A5E1DB132ECFE27200D0B57D;
			remoteInfo = mailbox;
		};
/* End PBXContainerItemProxy section */

/* Begin PBXFileReference section */
		A5443EC62ED2CB5800E98C19 /* FirestoreManager.swift */ = {isa = PBXFileReference; lastKnownFileType = sourcecode.swift; path = FirestoreManager.swift; sourceTree = "<group>"; };
		A5443EC72ED2CB5800E98C19 /* InboxViewModel.swift */ = {isa = PBXFileReference; lastKnownFileType = sourcecode.swift; path = InboxViewModel.swift; sourceTree = "<group>"; };
		A5443EC82ED2CB5800E98C19 /* OldInboxView.swift */ = {isa = PBXFileReference; lastKnownFileType = sourcecode.swift; path = OldInboxView.swift; sourceTree = "<group>"; };
		A5443EC92ED2CB5800E98C19 /* RealtimeDatabaseManager.swift */ = {isa = PBXFileReference; lastKnownFileType = sourcecode.swift; path = RealtimeDatabaseManager.swift; sourceTree = "<group>"; };
		A5443ECB2ED2CB5800E98C19 /* MessageListView.swift */ = {isa = PBXFileReference; lastKnownFileType = sourcecode.swift; path = MessageListView.swift; sourceTree = "<group>"; };
		A5443ECC2ED2CB5800E98C19 /* MessageRowView.swift */ = {isa = PBXFileReference; lastKnownFileType = sourcecode.swift; path = MessageRowView.swift; sourceTree = "<group>"; };
		A5443ECD2ED2CB5800E98C19 /* MessageSignatureView.swift */ = {isa = PBXFileReference; lastKnownFileType = sourcecode.swift; path = MessageSignatureView.swift; sourceTree = "<group>"; };
		A5443ECF2ED2CB5800E98C19 /* Assets.xcassets */ = {isa = PBXFileReference; lastKnownFileType = folder.assetcatalog; path = Assets.xcassets; sourceTree = "<group>"; };
		A5443ED02ED2CB5800E98C19 /* AudioService.swift */ = {isa = PBXFileReference; lastKnownFileType = sourcecode.swift; path = AudioService.swift; sourceTree = "<group>"; };
		A5443ED12ED2CB5800E98C19 /* GoogleService-Info.plist */ = {isa = PBXFileReference; lastKnownFileType = text.plist.xml; path = "GoogleService-Info.plist"; sourceTree = "<group>"; };
		A5443ED22ED2CB5800E98C19 /* mailboxApp.swift */ = {isa = PBXFileReference; lastKnownFileType = sourcecode.swift; path = mailboxApp.swift; sourceTree = "<group>"; };
		A5443ED32ED2CB5800E98C19 /* MessageListViewModel.swift */ = {isa = PBXFileReference; lastKnownFileType = sourcecode.swift; path = MessageListViewModel.swift; sourceTree = "<group>"; };
		A5443ED42ED2CB5800E98C19 /* MessageService.swift */ = {isa = PBXFileReference; lastKnownFileType = sourcecode.swift; path = MessageService.swift; sourceTree = "<group>"; };
		A5443ED52ED2CB5800E98C19 /* PlaybackSlider.swift */ = {isa = PBXFileReference; lastKnownFileType = sourcecode.swift; path = PlaybackSlider.swift; sourceTree = "<group>"; };
		A5443ED62ED2CB5800E98C19 /* User.swift */ = {isa = PBXFileReference; lastKnownFileType = sourcecode.swift; path = User.swift; sourceTree = "<group>"; };
		A5443EEA2ED2CE9500E98C19 /* OnboardingView.swift */ = {isa = PBXFileReference; lastKnownFileType = sourcecode.swift; path = OnboardingView.swift; sourceTree = "<group>"; };
		A5443EEC2ED2E6D400E98C19 /* MailboxIcon.icon */ = {isa = PBXFileReference; lastKnownFileType = folder.iconcomposer.icon; path = MailboxIcon.icon; sourceTree = "<group>"; };
		A5E1DB142ECFE27200D0B57D /* mailbox.app */ = {isa = PBXFileReference; explicitFileType = wrapper.application; includeInIndex = 0; path = mailbox.app; sourceTree = BUILT_PRODUCTS_DIR; };
		A5E1DB212ECFE27400D0B57D /* mailboxTests.xctest */ = {isa = PBXFileReference; explicitFileType = wrapper.cfbundle; includeInIndex = 0; path = mailboxTests.xctest; sourceTree = BUILT_PRODUCTS_DIR; };
		A5E1DB2B2ECFE27400D0B57D /* mailboxUITests.xctest */ = {isa = PBXFileReference; explicitFileType = wrapper.cfbundle; includeInIndex = 0; path = mailboxUITests.xctest; sourceTree = BUILT_PRODUCTS_DIR; };
/* End PBXFileReference section */

/* Begin PBXFileSystemSynchronizedRootGroup section */
		A5E1DB242ECFE27400D0B57D /* mailboxTests */ = {
			isa = PBXFileSystemSynchronizedRootGroup;
			path = mailboxTests;
			sourceTree = "<group>";
		};
		A5E1DB2E2ECFE27400D0B57D /* mailboxUITests */ = {
			isa = PBXFileSystemSynchronizedRootGroup;
			path = mailboxUITests;
			sourceTree = "<group>";
		};
/* End PBXFileSystemSynchronizedRootGroup section */

/* Begin PBXFrameworksBuildPhase section */
		A5E1DB112ECFE27200D0B57D /* Frameworks */ = {
			isa = PBXFrameworksBuildPhase;
			buildActionMask = 2147483647;
			files = (
				A55091A82ED00D3A00A69FCD /* FirebaseDatabase in Frameworks */,
				A550919A2ECFEAAD00A69FCD /* FirebaseAnalytics in Frameworks */,
				A55091A02ECFEAAD00A69FCD /* FirebaseFirestore in Frameworks */,
				A550919E2ECFEAAD00A69FCD /* FirebaseCore in Frameworks */,
				A550919C2ECFEAAD00A69FCD /* FirebaseAuth in Frameworks */,
				A55091A22ECFEAAD00A69FCD /* FirebaseInAppMessaging-Beta in Frameworks */,
			);
			runOnlyForDeploymentPostprocessing = 0;
		};
		A5E1DB1E2ECFE27400D0B57D /* Frameworks */ = {
			isa = PBXFrameworksBuildPhase;
			buildActionMask = 2147483647;
			files = (
			);
			runOnlyForDeploymentPostprocessing = 0;
		};
		A5E1DB282ECFE27400D0B57D /* Frameworks */ = {
			isa = PBXFrameworksBuildPhase;
			buildActionMask = 2147483647;
			files = (
			);
			runOnlyForDeploymentPostprocessing = 0;
		};
/* End PBXFrameworksBuildPhase section */

/* Begin PBXGroup section */
		A5443ECA2ED2CB5800E98C19 /* Old */ = {
			isa = PBXGroup;
			children = (
				A5443EC62ED2CB5800E98C19 /* FirestoreManager.swift */,
				A5443EC72ED2CB5800E98C19 /* InboxViewModel.swift */,
				A5443EC82ED2CB5800E98C19 /* OldInboxView.swift */,
				A5443EC92ED2CB5800E98C19 /* RealtimeDatabaseManager.swift */,
			);
			path = Old;
			sourceTree = "<group>";
		};
		A5443ECE2ED2CB5800E98C19 /* Views */ = {
			isa = PBXGroup;
			children = (
				A5443ECB2ED2CB5800E98C19 /* MessageListView.swift */,
				A5443ECC2ED2CB5800E98C19 /* MessageRowView.swift */,
				A5443ECD2ED2CB5800E98C19 /* MessageSignatureView.swift */,
				A5443ED52ED2CB5800E98C19 /* PlaybackSlider.swift */,
				A5443EEA2ED2CE9500E98C19 /* OnboardingView.swift */,
			);
			path = Views;
			sourceTree = "<group>";
		};
		A5443ED72ED2CB5800E98C19 /* mailbox */ = {
			isa = PBXGroup;
			children = (
				A5443ED22ED2CB5800E98C19 /* mailboxApp.swift */,
				A5443ECE2ED2CB5800E98C19 /* Views */,
				A5443EE92ED2CB7B00E98C19 /* ViewModels */,
				A5443EE82ED2CB7600E98C19 /* Models */,
				A5443EE72ED2CB6800E98C19 /* Services */,
				A5443ECF2ED2CB5800E98C19 /* Assets.xcassets */,
				A5443ED12ED2CB5800E98C19 /* GoogleService-Info.plist */,
				A5443ECA2ED2CB5800E98C19 /* Old */,
			);
			path = mailbox;
			sourceTree = "<group>";
		};
		A5443EE72ED2CB6800E98C19 /* Services */ = {
			isa = PBXGroup;
			children = (
				A5443ED02ED2CB5800E98C19 /* AudioService.swift */,
				A5443ED42ED2CB5800E98C19 /* MessageService.swift */,
			);
			path = Services;
			sourceTree = "<group>";
		};
		A5443EE82ED2CB7600E98C19 /* Models */ = {
			isa = PBXGroup;
			children = (
				A5443ED62ED2CB5800E98C19 /* User.swift */,
			);
			path = Models;
			sourceTree = "<group>";
		};
		A5443EE92ED2CB7B00E98C19 /* ViewModels */ = {
			isa = PBXGroup;
			children = (
				A5443ED32ED2CB5800E98C19 /* MessageListViewModel.swift */,
			);
			path = ViewModels;
			sourceTree = "<group>";
		};
		A5E1DB0B2ECFE27200D0B57D = {
			isa = PBXGroup;
			children = (
				A5443ED72ED2CB5800E98C19 /* mailbox */,
				A5E1DB242ECFE27400D0B57D /* mailboxTests */,
				A5E1DB2E2ECFE27400D0B57D /* mailboxUITests */,
				A5E1DB152ECFE27200D0B57D /* Products */,
				A5443EEC2ED2E6D400E98C19 /* MailboxIcon.icon */,
			);
			sourceTree = "<group>";
		};
		A5E1DB152ECFE27200D0B57D /* Products */ = {
			isa = PBXGroup;
			children = (
				A5E1DB142ECFE27200D0B57D /* mailbox.app */,
				A5E1DB212ECFE27400D0B57D /* mailboxTests.xctest */,
				A5E1DB2B2ECFE27400D0B57D /* mailboxUITests.xctest */,
			);
			name = Products;
			sourceTree = "<group>";
		};
/* End PBXGroup section */

/* Begin PBXNativeTarget section */
		A5E1DB132ECFE27200D0B57D /* mailbox */ = {
			isa = PBXNativeTarget;
			buildConfigurationList = A5E1DB352ECFE27400D0B57D /* Build configuration list for PBXNativeTarget "mailbox" */;
			buildPhases = (
				A5E1DB102ECFE27200D0B57D /* Sources */,
				A5E1DB112ECFE27200D0B57D /* Frameworks */,
				A5E1DB122ECFE27200D0B57D /* Resources */,
			);
			buildRules = (
			);
			dependencies = (
			);
			name = mailbox;
			packageProductDependencies = (
				A55091992ECFEAAD00A69FCD /* FirebaseAnalytics */,
				A550919B2ECFEAAD00A69FCD /* FirebaseAuth */,
				A550919D2ECFEAAD00A69FCD /* FirebaseCore */,
				A550919F2ECFEAAD00A69FCD /* FirebaseFirestore */,
				A55091A12ECFEAAD00A69FCD /* FirebaseInAppMessaging-Beta */,
				A55091A72ED00D3A00A69FCD /* FirebaseDatabase */,
			);
			productName = mailbox;
			productReference = A5E1DB142ECFE27200D0B57D /* mailbox.app */;
			productType = "com.apple.product-type.application";
		};
		A5E1DB202ECFE27400D0B57D /* mailboxTests */ = {
			isa = PBXNativeTarget;
			buildConfigurationList = A5E1DB382ECFE27400D0B57D /* Build configuration list for PBXNativeTarget "mailboxTests" */;
			buildPhases = (
				A5E1DB1D2ECFE27400D0B57D /* Sources */,
				A5E1DB1E2ECFE27400D0B57D /* Frameworks */,
				A5E1DB1F2ECFE27400D0B57D /* Resources */,
			);
			buildRules = (
			);
			dependencies = (
				A5E1DB232ECFE27400D0B57D /* PBXTargetDependency */,
			);
			fileSystemSynchronizedGroups = (
				A5E1DB242ECFE27400D0B57D /* mailboxTests */,
			);
			name = mailboxTests;
			packageProductDependencies = (
			);
			productName = mailboxTests;
			productReference = A5E1DB212ECFE27400D0B57D /* mailboxTests.xctest */;
			productType = "com.apple.product-type.bundle.unit-test";
		};
		A5E1DB2A2ECFE27400D0B57D /* mailboxUITests */ = {
			isa = PBXNativeTarget;
			buildConfigurationList = A5E1DB3B2ECFE27400D0B57D /* Build configuration list for PBXNativeTarget "mailboxUITests" */;
			buildPhases = (
				A5E1DB272ECFE27400D0B57D /* Sources */,
				A5E1DB282ECFE27400D0B57D /* Frameworks */,
				A5E1DB292ECFE27400D0B57D /* Resources */,
			);
			buildRules = (
			);
			dependencies = (
				A5E1DB2D2ECFE27400D0B57D /* PBXTargetDependency */,
			);
			fileSystemSynchronizedGroups = (
				A5E1DB2E2ECFE27400D0B57D /* mailboxUITests */,
			);
			name = mailboxUITests;
			packageProductDependencies = (
			);
			productName = mailboxUITests;
			productReference = A5E1DB2B2ECFE27400D0B57D /* mailboxUITests.xctest */;
			productType = "com.apple.product-type.bundle.ui-testing";
		};
/* End PBXNativeTarget section */

/* Begin PBXProject section */
		A5E1DB0C2ECFE27200D0B57D /* Project object */ = {
			isa = PBXProject;
			attributes = {
				BuildIndependentTargetsInParallel = 1;
				LastSwiftUpdateCheck = 2610;
				LastUpgradeCheck = 2610;
				TargetAttributes = {
					A5E1DB132ECFE27200D0B57D = {
						CreatedOnToolsVersion = 26.1.1;
					};
					A5E1DB202ECFE27400D0B57D = {
						CreatedOnToolsVersion = 26.1.1;
						TestTargetID = A5E1DB132ECFE27200D0B57D;
					};
					A5E1DB2A2ECFE27400D0B57D = {
						CreatedOnToolsVersion = 26.1.1;
						TestTargetID = A5E1DB132ECFE27200D0B57D;
					};
				};
			};
			buildConfigurationList = A5E1DB0F2ECFE27200D0B57D /* Build configuration list for PBXProject "mailbox" */;
			developmentRegion = en;
			hasScannedForEncodings = 0;
			knownRegions = (
				en,
				Base,
			);
			mainGroup = A5E1DB0B2ECFE27200D0B57D;
			minimizedProjectReferenceProxies = 1;
			packageReferences = (
				A55091982ECFEAAD00A69FCD /* XCRemoteSwiftPackageReference "firebase-ios-sdk" */,
			);
			preferredProjectObjectVersion = 77;
			productRefGroup = A5E1DB152ECFE27200D0B57D /* Products */;
			projectDirPath = "";
			projectRoot = "";
			targets = (
				A5E1DB132ECFE27200D0B57D /* mailbox */,
				A5E1DB202ECFE27400D0B57D /* mailboxTests */,
				A5E1DB2A2ECFE27400D0B57D /* mailboxUITests */,
			);
		};
/* End PBXProject section */

/* Begin PBXResourcesBuildPhase section */
		A5E1DB122ECFE27200D0B57D /* Resources */ = {
			isa = PBXResourcesBuildPhase;
			buildActionMask = 2147483647;
			files = (
				A5443EED2ED2E6D400E98C19 /* MailboxIcon.icon in Resources */,
				A5443EE52ED2CB5800E98C19 /* Assets.xcassets in Resources */,
				A5443EE62ED2CB5800E98C19 /* GoogleService-Info.plist in Resources */,
			);
			runOnlyForDeploymentPostprocessing = 0;
		};
		A5E1DB1F2ECFE27400D0B57D /* Resources */ = {
			isa = PBXResourcesBuildPhase;
			buildActionMask = 2147483647;
			files = (
			);
			runOnlyForDeploymentPostprocessing = 0;
		};
		A5E1DB292ECFE27400D0B57D /* Resources */ = {
			isa = PBXResourcesBuildPhase;
			buildActionMask = 2147483647;
			files = (
			);
			runOnlyForDeploymentPostprocessing = 0;
		};
/* End PBXResourcesBuildPhase section */

/* Begin PBXSourcesBuildPhase section */
		A5E1DB102ECFE27200D0B57D /* Sources */ = {
			isa = PBXSourcesBuildPhase;
			buildActionMask = 2147483647;
			files = (
				A5443ED82ED2CB5800E98C19 /* FirestoreManager.swift in Sources */,
				A5443ED92ED2CB5800E98C19 /* InboxViewModel.swift in Sources */,
				A5443EDA2ED2CB5800E98C19 /* OldInboxView.swift in Sources */,
				A5443EDB2ED2CB5800E98C19 /* RealtimeDatabaseManager.swift in Sources */,
				A5443EDC2ED2CB5800E98C19 /* MessageListView.swift in Sources */,
				A5443EDD2ED2CB5800E98C19 /* MessageRowView.swift in Sources */,
				A5443EDE2ED2CB5800E98C19 /* MessageSignatureView.swift in Sources */,
				A5443EDF2ED2CB5800E98C19 /* AudioService.swift in Sources */,
				A5443EE02ED2CB5800E98C19 /* mailboxApp.swift in Sources */,
				A5443EE12ED2CB5800E98C19 /* MessageListViewModel.swift in Sources */,
				A5443EE22ED2CB5800E98C19 /* MessageService.swift in Sources */,
				A5443EE32ED2CB5800E98C19 /* PlaybackSlider.swift in Sources */,
				A5443EE42ED2CB5800E98C19 /* User.swift in Sources */,
				A5443EEB2ED2CE9500E98C19 /* OnboardingView.swift in Sources */,
			);
			runOnlyForDeploymentPostprocessing = 0;
		};
		A5E1DB1D2ECFE27400D0B57D /* Sources */ = {
			isa = PBXSourcesBuildPhase;
			buildActionMask = 2147483647;
			files = (
				A5443EEE2ED2E87100E98C19 /* MessageListView.swift in Sources */,
			);
			runOnlyForDeploymentPostprocessing = 0;
		};
		A5E1DB272ECFE27400D0B57D /* Sources */ = {
			isa = PBXSourcesBuildPhase;
			buildActionMask = 2147483647;
			files = (
				A5443EEF2ED2E87100E98C19 /* MessageListView.swift in Sources */,
			);
			runOnlyForDeploymentPostprocessing = 0;
		};
/* End PBXSourcesBuildPhase section */

/* Begin PBXTargetDependency section */
		A5E1DB232ECFE27400D0B57D /* PBXTargetDependency */ = {
			isa = PBXTargetDependency;
			target = A5E1DB132ECFE27200D0B57D /* mailbox */;
			targetProxy = A5E1DB222ECFE27400D0B57D /* PBXContainerItemProxy */;
		};
		A5E1DB2D2ECFE27400D0B57D /* PBXTargetDependency */ = {
			isa = PBXTargetDependency;
			target = A5E1DB132ECFE27200D0B57D /* mailbox */;
			targetProxy = A5E1DB2C2ECFE27400D0B57D /* PBXContainerItemProxy */;
		};
/* End PBXTargetDependency section */

/* Begin XCBuildConfiguration section */
		A5E1DB332ECFE27400D0B57D /* Debug */ = {
			isa = XCBuildConfiguration;
			buildSettings = {
				ALWAYS_SEARCH_USER_PATHS = NO;
				ASSETCATALOG_COMPILER_GENERATE_SWIFT_ASSET_SYMBOL_EXTENSIONS = YES;
				CLANG_ANALYZER_NONNULL = YES;
				CLANG_ANALYZER_NUMBER_OBJECT_CONVERSION = YES_AGGRESSIVE;
				CLANG_CXX_LANGUAGE_STANDARD = "gnu++20";
				CLANG_ENABLE_MODULES = YES;
				CLANG_ENABLE_OBJC_ARC = YES;
				CLANG_ENABLE_OBJC_WEAK = YES;
				CLANG_WARN_BLOCK_CAPTURE_AUTORELEASING = YES;
				CLANG_WARN_BOOL_CONVERSION = YES;
				CLANG_WARN_COMMA = YES;
				CLANG_WARN_CONSTANT_CONVERSION = YES;
				CLANG_WARN_DEPRECATED_OBJC_IMPLEMENTATIONS = YES;
				CLANG_WARN_DIRECT_OBJC_ISA_USAGE = YES_ERROR;
				CLANG_WARN_DOCUMENTATION_COMMENTS = YES;
				CLANG_WARN_EMPTY_BODY = YES;
				CLANG_WARN_ENUM_CONVERSION = YES;
				CLANG_WARN_INFINITE_RECURSION = YES;
				CLANG_WARN_INT_CONVERSION = YES;
				CLANG_WARN_NON_LITERAL_NULL_CONVERSION = YES;
				CLANG_WARN_OBJC_IMPLICIT_RETAIN_SELF = YES;
				CLANG_WARN_OBJC_LITERAL_CONVERSION = YES;
				CLANG_WARN_OBJC_ROOT_CLASS = YES_ERROR;
				CLANG_WARN_QUOTED_INCLUDE_IN_FRAMEWORK_HEADER = YES;
				CLANG_WARN_RANGE_LOOP_ANALYSIS = YES;
				CLANG_WARN_STRICT_PROTOTYPES = YES;
				CLANG_WARN_SUSPICIOUS_MOVE = YES;
				CLANG_WARN_UNGUARDED_AVAILABILITY = YES_AGGRESSIVE;
				CLANG_WARN_UNREACHABLE_CODE = YES;
				CLANG_WARN__DUPLICATE_METHOD_MATCH = YES;
				COPY_PHASE_STRIP = NO;
				DEBUG_INFORMATION_FORMAT = dwarf;
				DEVELOPMENT_TEAM = G2CVP4KJ2Q;
				ENABLE_STRICT_OBJC_MSGSEND = YES;
				ENABLE_TESTABILITY = YES;
				ENABLE_USER_SCRIPT_SANDBOXING = YES;
				GCC_C_LANGUAGE_STANDARD = gnu17;
				GCC_DYNAMIC_NO_PIC = NO;
				GCC_NO_COMMON_BLOCKS = YES;
				GCC_OPTIMIZATION_LEVEL = 0;
				GCC_PREPROCESSOR_DEFINITIONS = (
					"DEBUG=1",
					"$(inherited)",
				);
				GCC_WARN_64_TO_32_BIT_CONVERSION = YES;
				GCC_WARN_ABOUT_RETURN_TYPE = YES_ERROR;
				GCC_WARN_UNDECLARED_SELECTOR = YES;
				GCC_WARN_UNINITIALIZED_AUTOS = YES_AGGRESSIVE;
				GCC_WARN_UNUSED_FUNCTION = YES;
				GCC_WARN_UNUSED_VARIABLE = YES;
				LOCALIZATION_PREFERS_STRING_CATALOGS = YES;
				MTL_ENABLE_DEBUG_INFO = INCLUDE_SOURCE;
				MTL_FAST_MATH = YES;
				ONLY_ACTIVE_ARCH = YES;
				SWIFT_ACTIVE_COMPILATION_CONDITIONS = "DEBUG $(inherited)";
				SWIFT_OPTIMIZATION_LEVEL = "-Onone";
			};
			name = Debug;
		};
		A5E1DB342ECFE27400D0B57D /* Release */ = {
			isa = XCBuildConfiguration;
			buildSettings = {
				ALWAYS_SEARCH_USER_PATHS = NO;
				ASSETCATALOG_COMPILER_GENERATE_SWIFT_ASSET_SYMBOL_EXTENSIONS = YES;
				CLANG_ANALYZER_NONNULL = YES;
				CLANG_ANALYZER_NUMBER_OBJECT_CONVERSION = YES_AGGRESSIVE;
				CLANG_CXX_LANGUAGE_STANDARD = "gnu++20";
				CLANG_ENABLE_MODULES = YES;
				CLANG_ENABLE_OBJC_ARC = YES;
				CLANG_ENABLE_OBJC_WEAK = YES;
				CLANG_WARN_BLOCK_CAPTURE_AUTORELEASING = YES;
				CLANG_WARN_BOOL_CONVERSION = YES;
				CLANG_WARN_COMMA = YES;
				CLANG_WARN_CONSTANT_CONVERSION = YES;
				CLANG_WARN_DEPRECATED_OBJC_IMPLEMENTATIONS = YES;
				CLANG_WARN_DIRECT_OBJC_ISA_USAGE = YES_ERROR;
				CLANG_WARN_DOCUMENTATION_COMMENTS = YES;
				CLANG_WARN_EMPTY_BODY = YES;
				CLANG_WARN_ENUM_CONVERSION = YES;
				CLANG_WARN_INFINITE_RECURSION = YES;
				CLANG_WARN_INT_CONVERSION = YES;
				CLANG_WARN_NON_LITERAL_NULL_CONVERSION = YES;
				CLANG_WARN_OBJC_IMPLICIT_RETAIN_SELF = YES;
				CLANG_WARN_OBJC_LITERAL_CONVERSION = YES;
				CLANG_WARN_OBJC_ROOT_CLASS = YES_ERROR;
				CLANG_WARN_QUOTED_INCLUDE_IN_FRAMEWORK_HEADER = YES;
				CLANG_WARN_RANGE_LOOP_ANALYSIS = YES;
				CLANG_WARN_STRICT_PROTOTYPES = YES;
				CLANG_WARN_SUSPICIOUS_MOVE = YES;
				CLANG_WARN_UNGUARDED_AVAILABILITY = YES_AGGRESSIVE;
				CLANG_WARN_UNREACHABLE_CODE = YES;
				CLANG_WARN__DUPLICATE_METHOD_MATCH = YES;
				COPY_PHASE_STRIP = NO;
				DEBUG_INFORMATION_FORMAT = "dwarf-with-dsym";
				DEVELOPMENT_TEAM = G2CVP4KJ2Q;
				ENABLE_NS_ASSERTIONS = NO;
				ENABLE_STRICT_OBJC_MSGSEND = YES;
				ENABLE_USER_SCRIPT_SANDBOXING = YES;
				GCC_C_LANGUAGE_STANDARD = gnu17;
				GCC_NO_COMMON_BLOCKS = YES;
				GCC_WARN_64_TO_32_BIT_CONVERSION = YES;
				GCC_WARN_ABOUT_RETURN_TYPE = YES_ERROR;
				GCC_WARN_UNDECLARED_SELECTOR = YES;
				GCC_WARN_UNINITIALIZED_AUTOS = YES_AGGRESSIVE;
				GCC_WARN_UNUSED_FUNCTION = YES;
				GCC_WARN_UNUSED_VARIABLE = YES;
				LOCALIZATION_PREFERS_STRING_CATALOGS = YES;
				MTL_ENABLE_DEBUG_INFO = NO;
				MTL_FAST_MATH = YES;
				SWIFT_COMPILATION_MODE = wholemodule;
			};
			name = Release;
		};
		A5E1DB362ECFE27400D0B57D /* Debug */ = {
			isa = XCBuildConfiguration;
			buildSettings = {
				ASSETCATALOG_COMPILER_APPICON_NAME = MailboxIcon;
				ASSETCATALOG_COMPILER_GLOBAL_ACCENT_COLOR_NAME = AccentColor;
				ASSETCATALOG_COMPILER_INCLUDE_ALL_APPICON_ASSETS = YES;
				CODE_SIGN_STYLE = Automatic;
				CURRENT_PROJECT_VERSION = 1;
				DEVELOPMENT_TEAM = G2CVP4KJ2Q;
				ENABLE_APP_SANDBOX = YES;
				ENABLE_HARDENED_RUNTIME = YES;
				ENABLE_PREVIEWS = YES;
				ENABLE_USER_SELECTED_FILES = readonly;
				GENERATE_INFOPLIST_FILE = YES;
				INFOPLIST_KEY_LSApplicationCategoryType = "public.app-category.social-networking";
				"INFOPLIST_KEY_UIApplicationSceneManifest_Generation[sdk=iphoneos*]" = YES;
				"INFOPLIST_KEY_UIApplicationSceneManifest_Generation[sdk=iphonesimulator*]" = YES;
				"INFOPLIST_KEY_UIApplicationSupportsIndirectInputEvents[sdk=iphoneos*]" = YES;
				"INFOPLIST_KEY_UIApplicationSupportsIndirectInputEvents[sdk=iphonesimulator*]" = YES;
				"INFOPLIST_KEY_UILaunchScreen_Generation[sdk=iphoneos*]" = YES;
				"INFOPLIST_KEY_UILaunchScreen_Generation[sdk=iphonesimulator*]" = YES;
				"INFOPLIST_KEY_UIStatusBarStyle[sdk=iphoneos*]" = UIStatusBarStyleDefault;
				"INFOPLIST_KEY_UIStatusBarStyle[sdk=iphonesimulator*]" = UIStatusBarStyleDefault;
				INFOPLIST_KEY_UISupportedInterfaceOrientations = UIInterfaceOrientationPortrait;
				IPHONEOS_DEPLOYMENT_TARGET = 17.6;
				LD_RUNPATH_SEARCH_PATHS = "@executable_path/Frameworks";
				"LD_RUNPATH_SEARCH_PATHS[sdk=macosx*]" = "@executable_path/../Frameworks";
				MACOSX_DEPLOYMENT_TARGET = 14.6;
				MARKETING_VERSION = 1.0;
				PRODUCT_BUNDLE_IDENTIFIER = com.alfredmatthew.mailbox;
				PRODUCT_NAME = "$(TARGET_NAME)";
				REGISTER_APP_GROUPS = YES;
				SDKROOT = auto;
				STRING_CATALOG_GENERATE_SYMBOLS = YES;
				SUPPORTED_PLATFORMS = "iphoneos iphonesimulator macosx xros xrsimulator";
				SWIFT_APPROACHABLE_CONCURRENCY = YES;
				SWIFT_DEFAULT_ACTOR_ISOLATION = MainActor;
				SWIFT_EMIT_LOC_STRINGS = YES;
				SWIFT_UPCOMING_FEATURE_MEMBER_IMPORT_VISIBILITY = YES;
				SWIFT_VERSION = 5.0;
				TARGETED_DEVICE_FAMILY = "1,2,7";
				XROS_DEPLOYMENT_TARGET = 2.6;
			};
			name = Debug;
		};
		A5E1DB372ECFE27400D0B57D /* Release */ = {
			isa = XCBuildConfiguration;
			buildSettings = {
				ASSETCATALOG_COMPILER_APPICON_NAME = MailboxIcon;
				ASSETCATALOG_COMPILER_GLOBAL_ACCENT_COLOR_NAME = AccentColor;
				ASSETCATALOG_COMPILER_INCLUDE_ALL_APPICON_ASSETS = YES;
				CODE_SIGN_STYLE = Automatic;
				CURRENT_PROJECT_VERSION = 1;
				DEVELOPMENT_TEAM = G2CVP4KJ2Q;
				ENABLE_APP_SANDBOX = YES;
				ENABLE_HARDENED_RUNTIME = YES;
				ENABLE_PREVIEWS = YES;
				ENABLE_USER_SELECTED_FILES = readonly;
				GENERATE_INFOPLIST_FILE = YES;
				INFOPLIST_KEY_LSApplicationCategoryType = "public.app-category.social-networking";
				"INFOPLIST_KEY_UIApplicationSceneManifest_Generation[sdk=iphoneos*]" = YES;
				"INFOPLIST_KEY_UIApplicationSceneManifest_Generation[sdk=iphonesimulator*]" = YES;
				"INFOPLIST_KEY_UIApplicationSupportsIndirectInputEvents[sdk=iphoneos*]" = YES;
				"INFOPLIST_KEY_UIApplicationSupportsIndirectInputEvents[sdk=iphonesimulator*]" = YES;
				"INFOPLIST_KEY_UILaunchScreen_Generation[sdk=iphoneos*]" = YES;
				"INFOPLIST_KEY_UILaunchScreen_Generation[sdk=iphonesimulator*]" = YES;
				"INFOPLIST_KEY_UIStatusBarStyle[sdk=iphoneos*]" = UIStatusBarStyleDefault;
				"INFOPLIST_KEY_UIStatusBarStyle[sdk=iphonesimulator*]" = UIStatusBarStyleDefault;
				INFOPLIST_KEY_UISupportedInterfaceOrientations = UIInterfaceOrientationPortrait;
				IPHONEOS_DEPLOYMENT_TARGET = 17.6;
				LD_RUNPATH_SEARCH_PATHS = "@executable_path/Frameworks";
				"LD_RUNPATH_SEARCH_PATHS[sdk=macosx*]" = "@executable_path/../Frameworks";
				MACOSX_DEPLOYMENT_TARGET = 14.6;
				MARKETING_VERSION = 1.0;
				PRODUCT_BUNDLE_IDENTIFIER = com.alfredmatthew.mailbox;
				PRODUCT_NAME = "$(TARGET_NAME)";
				REGISTER_APP_GROUPS = YES;
				SDKROOT = auto;
				STRING_CATALOG_GENERATE_SYMBOLS = YES;
				SUPPORTED_PLATFORMS = "iphoneos iphonesimulator macosx xros xrsimulator";
				SWIFT_APPROACHABLE_CONCURRENCY = YES;
				SWIFT_DEFAULT_ACTOR_ISOLATION = MainActor;
				SWIFT_EMIT_LOC_STRINGS = YES;
				SWIFT_UPCOMING_FEATURE_MEMBER_IMPORT_VISIBILITY = YES;
				SWIFT_VERSION = 5.0;
				TARGETED_DEVICE_FAMILY = "1,2,7";
				XROS_DEPLOYMENT_TARGET = 2.6;
			};
			name = Release;
		};
		A5E1DB392ECFE27400D0B57D /* Debug */ = {
			isa = XCBuildConfiguration;
			buildSettings = {
				BUNDLE_LOADER = "$(TEST_HOST)";
				CODE_SIGN_STYLE = Automatic;
				CURRENT_PROJECT_VERSION = 1;
				DEVELOPMENT_TEAM = G2CVP4KJ2Q;
				GENERATE_INFOPLIST_FILE = YES;
				IPHONEOS_DEPLOYMENT_TARGET = 26.1;
				MACOSX_DEPLOYMENT_TARGET = 26.0;
				MARKETING_VERSION = 1.0;
				PRODUCT_BUNDLE_IDENTIFIER = alfredmatthew.mailboxTests;
				PRODUCT_NAME = "$(TARGET_NAME)";
				SDKROOT = auto;
				STRING_CATALOG_GENERATE_SYMBOLS = NO;
				SUPPORTED_PLATFORMS = "iphoneos iphonesimulator macosx xros xrsimulator";
				SWIFT_APPROACHABLE_CONCURRENCY = YES;
				SWIFT_EMIT_LOC_STRINGS = NO;
				SWIFT_UPCOMING_FEATURE_MEMBER_IMPORT_VISIBILITY = YES;
				SWIFT_VERSION = 5.0;
				TARGETED_DEVICE_FAMILY = "1,2,7";
				TEST_HOST = "$(BUILT_PRODUCTS_DIR)/mailbox.app/$(BUNDLE_EXECUTABLE_FOLDER_PATH)/mailbox";
				XROS_DEPLOYMENT_TARGET = 26.1;
			};
			name = Debug;
		};
		A5E1DB3A2ECFE27400D0B57D /* Release */ = {
			isa = XCBuildConfiguration;
			buildSettings = {
				BUNDLE_LOADER = "$(TEST_HOST)";
				CODE_SIGN_STYLE = Automatic;
				CURRENT_PROJECT_VERSION = 1;
				DEVELOPMENT_TEAM = G2CVP4KJ2Q;
				GENERATE_INFOPLIST_FILE = YES;
				IPHONEOS_DEPLOYMENT_TARGET = 26.1;
				MACOSX_DEPLOYMENT_TARGET = 26.0;
				MARKETING_VERSION = 1.0;
				PRODUCT_BUNDLE_IDENTIFIER = alfredmatthew.mailboxTests;
				PRODUCT_NAME = "$(TARGET_NAME)";
				SDKROOT = auto;
				STRING_CATALOG_GENERATE_SYMBOLS = NO;
				SUPPORTED_PLATFORMS = "iphoneos iphonesimulator macosx xros xrsimulator";
				SWIFT_APPROACHABLE_CONCURRENCY = YES;
				SWIFT_EMIT_LOC_STRINGS = NO;
				SWIFT_UPCOMING_FEATURE_MEMBER_IMPORT_VISIBILITY = YES;
				SWIFT_VERSION = 5.0;
				TARGETED_DEVICE_FAMILY = "1,2,7";
				TEST_HOST = "$(BUILT_PRODUCTS_DIR)/mailbox.app/$(BUNDLE_EXECUTABLE_FOLDER_PATH)/mailbox";
				XROS_DEPLOYMENT_TARGET = 26.1;
			};
			name = Release;
		};
		A5E1DB3C2ECFE27400D0B57D /* Debug */ = {
			isa = XCBuildConfiguration;
			buildSettings = {
				CODE_SIGN_STYLE = Automatic;
				CURRENT_PROJECT_VERSION = 1;
				DEVELOPMENT_TEAM = G2CVP4KJ2Q;
				GENERATE_INFOPLIST_FILE = YES;
				IPHONEOS_DEPLOYMENT_TARGET = 26.1;
				MACOSX_DEPLOYMENT_TARGET = 26.0;
				MARKETING_VERSION = 1.0;
				PRODUCT_BUNDLE_IDENTIFIER = alfredmatthew.mailboxUITests;
				PRODUCT_NAME = "$(TARGET_NAME)";
				SDKROOT = auto;
				STRING_CATALOG_GENERATE_SYMBOLS = NO;
				SUPPORTED_PLATFORMS = "iphoneos iphonesimulator macosx xros xrsimulator";
				SWIFT_APPROACHABLE_CONCURRENCY = YES;
				SWIFT_EMIT_LOC_STRINGS = NO;
				SWIFT_UPCOMING_FEATURE_MEMBER_IMPORT_VISIBILITY = YES;
				SWIFT_VERSION = 5.0;
				TARGETED_DEVICE_FAMILY = "1,2,7";
				TEST_TARGET_NAME = mailbox;
				XROS_DEPLOYMENT_TARGET = 26.1;
			};
			name = Debug;
		};
		A5E1DB3D2ECFE27400D0B57D /* Release */ = {
			isa = XCBuildConfiguration;
			buildSettings = {
				CODE_SIGN_STYLE = Automatic;
				CURRENT_PROJECT_VERSION = 1;
				DEVELOPMENT_TEAM = G2CVP4KJ2Q;
				GENERATE_INFOPLIST_FILE = YES;
				IPHONEOS_DEPLOYMENT_TARGET = 26.1;
				MACOSX_DEPLOYMENT_TARGET = 26.0;
				MARKETING_VERSION = 1.0;
				PRODUCT_BUNDLE_IDENTIFIER = alfredmatthew.mailboxUITests;
				PRODUCT_NAME = "$(TARGET_NAME)";
				SDKROOT = auto;
				STRING_CATALOG_GENERATE_SYMBOLS = NO;
				SUPPORTED_PLATFORMS = "iphoneos iphonesimulator macosx xros xrsimulator";
				SWIFT_APPROACHABLE_CONCURRENCY = YES;
				SWIFT_EMIT_LOC_STRINGS = NO;
				SWIFT_UPCOMING_FEATURE_MEMBER_IMPORT_VISIBILITY = YES;
				SWIFT_VERSION = 5.0;
				TARGETED_DEVICE_FAMILY = "1,2,7";
				TEST_TARGET_NAME = mailbox;
				XROS_DEPLOYMENT_TARGET = 26.1;
			};
			name = Release;
		};
/* End XCBuildConfiguration section */

/* Begin XCConfigurationList section */
		A5E1DB0F2ECFE27200D0B57D /* Build configuration list for PBXProject "mailbox" */ = {
			isa = XCConfigurationList;
			buildConfigurations = (
				A5E1DB332ECFE27400D0B57D /* Debug */,
				A5E1DB342ECFE27400D0B57D /* Release */,
			);
			defaultConfigurationIsVisible = 0;
			defaultConfigurationName = Release;
		};
		A5E1DB352ECFE27400D0B57D /* Build configuration list for PBXNativeTarget "mailbox" */ = {
			isa = XCConfigurationList;
			buildConfigurations = (
				A5E1DB362ECFE27400D0B57D /* Debug */,
				A5E1DB372ECFE27400D0B57D /* Release */,
			);
			defaultConfigurationIsVisible = 0;
			defaultConfigurationName = Release;
		};
		A5E1DB382ECFE27400D0B57D /* Build configuration list for PBXNativeTarget "mailboxTests" */ = {
			isa = XCConfigurationList;
			buildConfigurations = (
				A5E1DB392ECFE27400D0B57D /* Debug */,
				A5E1DB3A2ECFE27400D0B57D /* Release */,
			);
			defaultConfigurationIsVisible = 0;
			defaultConfigurationName = Release;
		};
		A5E1DB3B2ECFE27400D0B57D /* Build configuration list for PBXNativeTarget "mailboxUITests" */ = {
			isa = XCConfigurationList;
			buildConfigurations = (
				A5E1DB3C2ECFE27400D0B57D /* Debug */,
				A5E1DB3D2ECFE27400D0B57D /* Release */,
			);
			defaultConfigurationIsVisible = 0;
			defaultConfigurationName = Release;
		};
/* End XCConfigurationList section */

/* Begin XCRemoteSwiftPackageReference section */
		A55091982ECFEAAD00A69FCD /* XCRemoteSwiftPackageReference "firebase-ios-sdk" */ = {
			isa = XCRemoteSwiftPackageReference;
			repositoryURL = "https://github.com/firebase/firebase-ios-sdk.git";
			requirement = {
				kind = upToNextMajorVersion;
				minimumVersion = 12.6.0;
			};
		};
/* End XCRemoteSwiftPackageReference section */

/* Begin XCSwiftPackageProductDependency section */
		A55091992ECFEAAD00A69FCD /* FirebaseAnalytics */ = {
			isa = XCSwiftPackageProductDependency;
			package = A55091982ECFEAAD00A69FCD /* XCRemoteSwiftPackageReference "firebase-ios-sdk" */;
			productName = FirebaseAnalytics;
		};
		A550919B2ECFEAAD00A69FCD /* FirebaseAuth */ = {
			isa = XCSwiftPackageProductDependency;
			package = A55091982ECFEAAD00A69FCD /* XCRemoteSwiftPackageReference "firebase-ios-sdk" */;
			productName = FirebaseAuth;
		};
		A550919D2ECFEAAD00A69FCD /* FirebaseCore */ = {
			isa = XCSwiftPackageProductDependency;
			package = A55091982ECFEAAD00A69FCD /* XCRemoteSwiftPackageReference "firebase-ios-sdk" */;
			productName = FirebaseCore;
		};
		A550919F2ECFEAAD00A69FCD /* FirebaseFirestore */ = {
			isa = XCSwiftPackageProductDependency;
			package = A55091982ECFEAAD00A69FCD /* XCRemoteSwiftPackageReference "firebase-ios-sdk" */;
			productName = FirebaseFirestore;
		};
		A55091A12ECFEAAD00A69FCD /* FirebaseInAppMessaging-Beta */ = {
			isa = XCSwiftPackageProductDependency;
			package = A55091982ECFEAAD00A69FCD /* XCRemoteSwiftPackageReference "firebase-ios-sdk" */;
			productName = "FirebaseInAppMessaging-Beta";
		};
		A55091A72ED00D3A00A69FCD /* FirebaseDatabase */ = {
			isa = XCSwiftPackageProductDependency;
			package = A55091982ECFEAAD00A69FCD /* XCRemoteSwiftPackageReference "firebase-ios-sdk" */;
			productName = FirebaseDatabase;
		};
/* End XCSwiftPackageProductDependency section */
	};
	rootObject = A5E1DB0C2ECFE27200D0B57D /* Project object */;
}
